
Microsoft Visual Studio Solution File, Format Version 12.00
# Visual Studio 14
VisualStudioVersion = 14.0.25420.1
MinimumVisualStudioVersion = 10.0.40219.1
Project("{D2ABAB84-BF74-430A-B69E-9DC6D40DDA17}") = "Multidimensional Tutorial", "Multidimensional Tutorial\Multidimensional Tutorial.dwproj", "{39E16509-0495-432D-9456-03EFAD390846}"
EndProject
Global
	GlobalSection(SolutionConfigurationPlatforms) = preSolution
		Development|Default = Development|Default
	EndGlobalSection
	GlobalSection(ProjectConfigurationPlatforms) = postSolution
		{39E16509-0495-432D-9456-03EFAD390846}.Development|Default.ActiveCfg = Development
		{39E16509-0495-432D-9456-03EFAD390846}.Development|Default.Build.0 = Development
		{39E16509-0495-432D-9456-03EFAD390846}.Development|Default.Deploy.0 = Development
	EndGlobalSection
	GlobalSection(SolutionProperties) = preSolution
		HideSolutionNode = FALSE
	EndGlobalSection
EndGlobal
